// !$*UTF8*$!
{
	archiveVersion = 1;
	classes = {
	};
	objectVersion = 50;
	objects = {

/* Begin PBXBuildFile section */
		689FF2452510C0A900DDEEFA /* AppDelegate.swift in Sources */ = {isa = PBXBuildFile; fileRef = 689FF2442510C0A900DDEEFA /* AppDelegate.swift */; };
		689FF2472510C0A900DDEEFA /* ViewController.swift in Sources */ = {isa = PBXBuildFile; fileRef = 689FF2462510C0A900DDEEFA /* ViewController.swift */; };
		689FF24A2510C0A900DDEEFA /* Main.storyboard in Resources */ = {isa = PBXBuildFile; fileRef = 689FF2482510C0A900DDEEFA /* Main.storyboard */; };
		689FF24C2510C0AB00DDEEFA /* Assets.xcassets in Resources */ = {isa = PBXBuildFile; fileRef = 689FF24B2510C0AB00DDEEFA /* Assets.xcassets */; };
		689FF24F2510C0AB00DDEEFA /* LaunchScreen.storyboard in Resources */ = {isa = PBXBuildFile; fileRef = 689FF24D2510C0AB00DDEEFA /* LaunchScreen.storyboard */; };
/* End PBXBuildFile section */

/* Begin PBXFileReference section */
		689FF2412510C0A900DDEEFA /* 60_Demo_UISwipe.app */ = {isa = PBXFileReference; explicitFileType = wrapper.application; includeInIndex = 0; path = 60_Demo_UISwipe.app; sourceTree = BUILT_PRODUCTS_DIR; };
		689FF2442510C0A900DDEEFA /* AppDelegate.swift */ = {isa = PBXFileReference; lastKnownFileType = sourcecode.swift; path = AppDelegate.swift; sourceTree = "<group>"; };
		689FF2462510C0A900DDEEFA /* ViewController.swift */ = {isa = PBXFileReference; lastKnownFileType = sourcecode.swift; path = ViewController.swift; sourceTree = "<group>"; };
		689FF2492510C0A900DDEEFA /* Base */ = {isa = PBXFileReference; lastKnownFileType = file.storyboard; name = Base; path = Base.lproj/Main.storyboard; sourceTree = "<group>"; };
		689FF24B2510C0AB00DDEEFA /* Assets.xcassets */ = {isa = PBXFileReference; lastKnownFileType = folder.assetcatalog; path = Assets.xcassets; sourceTree = "<group>"; };
		689FF24E2510C0AB00DDEEFA /* Base */ = {isa = PBXFileReference; lastKnownFileType = file.storyboard; name = Base; path = Base.lproj/LaunchScreen.storyboard; sourceTree = "<group>"; };
		689FF2502510C0AB00DDEEFA /* Info.plist */ = {isa = PBXFileReference; lastKnownFileType = text.plist.xml; path = Info.plist; sourceTree = "<group>"; };
/* End PBXFileReference section */

/* Begin PBXFrameworksBuildPhase section */
		689FF23E2510C0A900DDEEFA /* Frameworks */ = {
			isa = PBXFrameworksBuildPhase;
			buildActionMask = 2147483647;
			files = (
			);
			runOnlyForDeploymentPostprocessing = 0;
		};
/* End PBXFrameworksBuildPhase section */

/* Begin PBXGroup section */
		689FF2382510C0A900DDEEFA = {
			isa = PBXGroup;
			children = (
				689FF2432510C0A900DDEEFA /* 60_Demo_UISwipe */,
				689FF2422510C0A900DDEEFA /* Products */,
			);
			sourceTree = "<group>";
		};
		689FF2422510C0A900DDEEFA /* Products */ = {
			isa = PBXGroup;
			children = (
				689FF2412510C0A900DDEEFA /* 60_Demo_UISwipe.app */,
			);
			name = Products;
			sourceTree = "<group>";
		};
		689FF2432510C0A900DDEEFA /* 60_Demo_UISwipe */ = {
			isa = PBXGroup;
			children = (
				689FF2442510C0A900DDEEFA /* AppDelegate.swift */,
				689FF2462510C0A900DDEEFA /* ViewController.swift */,
				689FF2482510C0A900DDEEFA /* Main.storyboard */,
				689FF24B2510C0AB00DDEEFA /* Assets.xcassets */,
				689FF24D2510C0AB00DDEEFA /* LaunchScreen.storyboard */,
				689FF2502510C0AB00DDEEFA /* Info.plist */,
			);
			path = 60_Demo_UISwipe;
			sourceTree = "<group>";
		};
/* End PBXGroup section */

/* Begin PBXNativeTarget section */
		689FF2402510C0A900DDEEFA /* 60_Demo_UISwipe */ = {
			isa = PBXNativeTarget;
			buildConfigurationList = 689FF2532510C0AB00DDEEFA /* Build configuration list for PBXNativeTarget "60_Demo_UISwipe" */;
			buildPhases = (
				689FF23D2510C0A900DDEEFA /* Sources */,
				689FF23E2510C0A900DDEEFA /* Frameworks */,
				689FF23F2510C0A900DDEEFA /* Resources */,
			);
			buildRules = (
			);
			dependencies = (
			);
			name = 60_Demo_UISwipe;
			productName = 60_Demo_UISwipe;
			productReference = 689FF2412510C0A900DDEEFA /* 60_Demo_UISwipe.app */;
			productType = "com.apple.product-type.application";
		};
/* End PBXNativeTarget section */

/* Begin PBXProject section */
		689FF2392510C0A900DDEEFA /* Project object */ = {
			isa = PBXProject;
			attributes = {
				LastSwiftUpdateCheck = 1030;
				LastUpgradeCheck = 1030;
				ORGANIZATIONNAME = "Nguyen Anh Dao";
				TargetAttributes = {
					689FF2402510C0A900DDEEFA = {
						CreatedOnToolsVersion = 10.3;
					};
				};
			};
			buildConfigurationList = 689FF23C2510C0A900DDEEFA /* Build configuration list for PBXProject "60_Demo_UISwipe" */;
			compatibilityVersion = "Xcode 9.3";
			developmentRegion = en;
			hasScannedForEncodings = 0;
			knownRegions = (
				en,
				Base,
			);
			mainGroup = 689FF2382510C0A900DDEEFA;
			productRefGroup = 689FF2422510C0A900DDEEFA /* Products */;
			projectDirPath = "";
			projectRoot = "";
			targets = (
				689FF2402510C0A900DDEEFA /* 60_Demo_UISwipe */,
			);
		};
/* End PBXProject section */

/* Begin PBXResourcesBuildPhase section */
		689FF23F2510C0A900DDEEFA /* Resources */ = {
			isa = PBXResourcesBuildPhase;
			buildActionMask = 2147483647;
			files = (
				689FF24F2510C0AB00DDEEFA /* LaunchScreen.storyboard in Resources */,
				689FF24C2510C0AB00DDEEFA /* Assets.xcassets in Resources */,
				689FF24A2510C0A900DDEEFA /* Main.storyboard in Resources */,
			);
			runOnlyForDeploymentPostprocessing = 0;
		};
/* End PBXResourcesBuildPhase section */

/* Begin PBXSourcesBuildPhase section */
		689FF23D2510C0A900DDEEFA /* Sources */ = {
			isa = PBXSourcesBuildPhase;
			buildActionMask = 2147483647;
			files = (
				689FF2472510C0A900DDEEFA /* ViewController.swift in Sources */,
				689FF2452510C0A900DDEEFA /* AppDelegate.swift in Sources */,
			);
			runOnlyForDeploymentPostprocessing = 0;
		};
/* End PBXSourcesBuildPhase section */

/* Begin PBXVariantGroup section */
		689FF2482510C0A900DDEEFA /* Main.storyboard */ = {
			isa = PBXVariantGroup;
			children = (
				689FF2492510C0A900DDEEFA /* Base */,
			);
			name = Main.storyboard;
			sourceTree = "<group>";
		};
		689FF24D2510C0AB00DDEEFA /* LaunchScreen.storyboard */ = {
			isa = PBXVariantGroup;
			children = (
				689FF24E2510C0AB00DDEEFA /* Base */,
			);
			name = LaunchScreen.storyboard;
			sourceTree = "<group>";
		};
/* End PBXVariantGroup section */

/* Begin XCBuildConfiguration section */
		689FF2512510C0AB00DDEEFA /* Debug */ = {
			isa = XCBuildConfiguration;
			buildSettings = {
				ALWAYS_SEARCH_USER_PATHS = NO;
				CLANG_ANALYZER_NONNULL = YES;
				CLANG_ANALYZER_NUMBER_OBJECT_CONVERSION = YES_AGGRESSIVE;
				CLANG_CXX_LANGUAGE_STANDARD = "gnu++14";
				CLANG_CXX_LIBRARY = "libc++";
				CLANG_ENABLE_MODULES = YES;
				CLANG_ENABLE_OBJC_ARC = YES;
				CLANG_ENABLE_OBJC_WEAK = YES;
				CLANG_WARN_BLOCK_CAPTURE_AUTORELEASING = YES;
				CLANG_WARN_BOOL_CONVERSION = YES;
				CLANG_WARN_COMMA = YES;
				CLANG_WARN_CONSTANT_CONVERSION = YES;
				CLANG_WARN_DEPRECATED_OBJC_IMPLEMENTATIONS = YES;
				CLANG_WARN_DIRECT_OBJC_ISA_USAGE = YES_ERROR;
				CLANG_WARN_DOCUMENTATION_COMMENTS = YES;
				CLANG_WARN_EMPTY_BODY = YES;
				CLANG_WARN_ENUM_CONVERSION = YES;
				CLANG_WARN_INFINITE_RECURSION = YES;
				CLANG_WARN_INT_CONVERSION = YES;
				CLANG_WARN_NON_LITERAL_NULL_CONVERSION = YES;
				CLANG_WARN_OBJC_IMPLICIT_RETAIN_SELF = YES;
				CLANG_WARN_OBJC_LITERAL_CONVERSION = YES;
				CLANG_WARN_OBJC_ROOT_CLASS = YES_ERROR;
				CLANG_WARN_RANGE_LOOP_ANALYSIS = YES;
				CLANG_WARN_STRICT_PROTOTYPES = YES;
				CLANG_WARN_SUSPICIOUS_MOVE = YES;
				CLANG_WARN_UNGUARDED_AVAILABILITY = YES_AGGRESSIVE;
				CLANG_WARN_UNREACHABLE_CODE = YES;
				CLANG_WARN__DUPLICATE_METHOD_MATCH = YES;
				CODE_SIGN_IDENTITY = "iPhone Developer";
				COPY_PHASE_STRIP = NO;
				DEBUG_INFORMATION_FORMAT = dwarf;
				ENABLE_STRICT_OBJC_MSGSEND = YES;
				ENABLE_TESTABILITY = YES;
				GCC_C_LANGUAGE_STANDARD = gnu11;
				GCC_DYNAMIC_NO_PIC = NO;
				GCC_NO_COMMON_BLOCKS = YES;
				GCC_OPTIMIZATION_LEVEL = 0;
				GCC_PREPROCESSOR_DEFINITIONS = (
					"DEBUG=1",
					"$(inherited)",
				);
				GCC_WARN_64_TO_32_BIT_CONVERSION = YES;
				GCC_WARN_ABOUT_RETURN_TYPE = YES_ERROR;
				GCC_WARN_UNDECLARED_SELECTOR = YES;
				GCC_WARN_UNINITIALIZED_AUTOS = YES_AGGRESSIVE;
				GCC_WARN_UNUSED_FUNCTION = YES;
				GCC_WARN_UNUSED_VARIABLE = YES;
				IPHONEOS_DEPLOYMENT_TARGET = 12.4;
				MTL_ENABLE_DEBUG_INFO = INCLUDE_SOURCE;
				MTL_FAST_MATH = YES;
				ONLY_ACTIVE_ARCH = YES;
				SDKROOT = iphoneos;
				SWIFT_ACTIVE_COMPILATION_CONDITIONS = DEBUG;
				SWIFT_OPTIMIZATION_LEVEL = "-Onone";
			};
			name = Debug;
		};
		689FF2522510C0AB00DDEEFA /* Release */ = {
			isa = XCBuildConfiguration;
			buildSettings = {
				ALWAYS_SEARCH_USER_PATHS = NO;
				CLANG_ANALYZER_NONNULL = YES;
				CLANG_ANALYZER_NUMBER_OBJECT_CONVERSION = YES_AGGRESSIVE;
				CLANG_CXX_LANGUAGE_STANDARD = "gnu++14";
				CLANG_CXX_LIBRARY = "libc++";
				CLANG_ENABLE_MODULES = YES;
				CLANG_ENABLE_OBJC_ARC = YES;
				CLANG_ENABLE_OBJC_WEAK = YES;
				CLANG_WARN_BLOCK_CAPTURE_AUTORELEASING = YES;
				CLANG_WARN_BOOL_CONVERSION = YES;
				CLANG_WARN_COMMA = YES;
				CLANG_WARN_CONSTANT_CONVERSION = YES;
				CLANG_WARN_DEPRECATED_OBJC_IMPLEMENTATIONS = YES;
				CLANG_WARN_DIRECT_OBJC_ISA_USAGE = YES_ERROR;
				CLANG_WARN_DOCUMENTATION_COMMENTS = YES;
				CLANG_WARN_EMPTY_BODY = YES;
				CLANG_WARN_ENUM_CONVERSION = YES;
				CLANG_WARN_INFINITE_RECURSION = YES;
				CLANG_WARN_INT_CONVERSION = YES;
				CLANG_WARN_NON_LITERAL_NULL_CONVERSION = YES;
				CLANG_WARN_OBJC_IMPLICIT_RETAIN_SELF = YES;
				CLANG_WARN_OBJC_LITERAL_CONVERSION = YES;
				CLANG_WARN_OBJC_ROOT_CLASS = YES_ERROR;
				CLANG_WARN_RANGE_LOOP_ANALYSIS = YES;
				CLANG_WARN_STRICT_PROTOTYPES = YES;
				CLANG_WARN_SUSPICIOUS_MOVE = YES;
				CLANG_WARN_UNGUARDED_AVAILABILITY = YES_AGGRESSIVE;
				CLANG_WARN_UNREACHABLE_CODE = YES;
				CLANG_WARN__DUPLICATE_METHOD_MATCH = YES;
				CODE_SIGN_IDENTITY = "iPhone Developer";
				COPY_PHASE_STRIP = NO;
				DEBUG_INFORMATION_FORMAT = "dwarf-with-dsym";
				ENABLE_NS_ASSERTIONS = NO;
				ENABLE_STRICT_OBJC_MSGSEND = YES;
				GCC_C_LANGUAGE_STANDARD = gnu11;
				GCC_NO_COMMON_BLOCKS = YES;
				GCC_WARN_64_TO_32_BIT_CONVERSION = YES;
				GCC_WARN_ABOUT_RETURN_TYPE = YES_ERROR;
				GCC_WARN_UNDECLARED_SELECTOR = YES;
				GCC_WARN_UNINITIALIZED_AUTOS = YES_AGGRESSIVE;
				GCC_WARN_UNUSED_FUNCTION = YES;
				GCC_WARN_UNUSED_VARIABLE = YES;
				IPHONEOS_DEPLOYMENT_TARGET = 12.4;
				MTL_ENABLE_DEBUG_INFO = NO;
				MTL_FAST_MATH = YES;
				SDKROOT = iphoneos;
				SWIFT_COMPILATION_MODE = wholemodule;
				SWIFT_OPTIMIZATION_LEVEL = "-O";
				VALIDATE_PRODUCT = YES;
			};
			name = Release;
		};
		689FF2542510C0AB00DDEEFA /* Debug */ = {
			isa = XCBuildConfiguration;
			buildSettings = {
				ASSETCATALOG_COMPILER_APPICON_NAME = AppIcon;
				CODE_SIGN_STYLE = Automatic;
				INFOPLIST_FILE = 60_Demo_UISwipe/Info.plist;
				LD_RUNPATH_SEARCH_PATHS = (
					"$(inherited)",
					"@executable_path/Frameworks",
				);
				PRODUCT_BUNDLE_IDENTIFIER = "NguyenAnhDao.-0-Demo-UISwipe";
				PRODUCT_NAME = "$(TARGET_NAME)";
				SWIFT_VERSION = 5.0;
				TARGETED_DEVICE_FAMILY = "1,2";
			};
			name = Debug;
		};
		689FF2552510C0AB00DDEEFA /* Release */ = {
			isa = XCBuildConfiguration;
			buildSettings = {
				ASSETCATALOG_COMPILER_APPICON_NAME = AppIcon;
				CODE_SIGN_STYLE = Automatic;
				INFOPLIST_FILE = 60_Demo_UISwipe/Info.plist;
				LD_RUNPATH_SEARCH_PATHS = (
					"$(inherited)",
					"@executable_path/Frameworks",
				);
				PRODUCT_BUNDLE_IDENTIFIER = "NguyenAnhDao.-0-Demo-UISwipe";
				PRODUCT_NAME = "$(TARGET_NAME)";
				SWIFT_VERSION = 5.0;
				TARGETED_DEVICE_FAMILY = "1,2";
			};
			name = Release;
		};
/* End XCBuildConfiguration section */

/* Begin XCConfigurationList section */
		689FF23C2510C0A900DDEEFA /* Build configuration list for PBXProject "60_Demo_UISwipe" */ = {
			isa = XCConfigurationList;
			buildConfigurations = (
				689FF2512510C0AB00DDEEFA /* Debug */,
				689FF2522510C0AB00DDEEFA /* Release */,
			);
			defaultConfigurationIsVisible = 0;
			defaultConfigurationName = Release;
		};
		689FF2532510C0AB00DDEEFA /* Build configuration list for PBXNativeTarget "60_Demo_UISwipe" */ = {
			isa = XCConfigurationList;
			buildConfigurations = (
				689FF2542510C0AB00DDEEFA /* Debug */,
				689FF2552510C0AB00DDEEFA /* Release */,
			);
			defaultConfigurationIsVisible = 0;
			defaultConfigurationName = Release;
		};
/* End XCConfigurationList section */
	};
	rootObject = 689FF2392510C0A900DDEEFA /* Project object */;
}
